// !$*UTF8*$!
{
	archiveVersion = 1;
	classes = {
	};
	objectVersion = 50;
	objects = {

/* Begin PBXBuildFile section */
		3BBB095E20AC5CC20029100D /* AppDelegate.swift in Sources */ = {isa = PBXBuildFile; fileRef = 3BBB095D20AC5CC20029100D /* AppDelegate.swift */; };
		3BBB096020AC5CC20029100D /* ViewController.swift in Sources */ = {isa = PBXBuildFile; fileRef = 3BBB095F20AC5CC20029100D /* ViewController.swift */; };
		3BBB096320AC5CC20029100D /* Main.storyboard in Resources */ = {isa = PBXBuildFile; fileRef = 3BBB096120AC5CC20029100D /* Main.storyboard */; };
		3BBB096520AC5CC30029100D /* Assets.xcassets in Resources */ = {isa = PBXBuildFile; fileRef = 3BBB096420AC5CC30029100D /* Assets.xcassets */; };
		3BBB096820AC5CC30029100D /* LaunchScreen.storyboard in Resources */ = {isa = PBXBuildFile; fileRef = 3BBB096620AC5CC30029100D /* LaunchScreen.storyboard */; };
		3BBB097320AC5CC30029100D /* FubonGuardiansTeamLogoTests.swift in Sources */ = {isa = PBXBuildFile; fileRef = 3BBB097220AC5CC30029100D /* FubonGuardiansTeamLogoTests.swift */; };
		3BBB097E20AC5CC30029100D /* FubonGuardiansTeamLogoUITests.swift in Sources */ = {isa = PBXBuildFile; fileRef = 3BBB097D20AC5CC30029100D /* FubonGuardiansTeamLogoUITests.swift */; };
/* End PBXBuildFile section */

/* Begin PBXContainerItemProxy section */
		3BBB096F20AC5CC30029100D /* PBXContainerItemProxy */ = {
			isa = PBXContainerItemProxy;
			containerPortal = 3BBB095220AC5CC20029100D /* Project object */;
			proxyType = 1;
			remoteGlobalIDString = 3BBB095920AC5CC20029100D;
			remoteInfo = FubonGuardiansTeamLogo;
		};
		3BBB097A20AC5CC30029100D /* PBXContainerItemProxy */ = {
			isa = PBXContainerItemProxy;
			containerPortal = 3BBB095220AC5CC20029100D /* Project object */;
			proxyType = 1;
			remoteGlobalIDString = 3BBB095920AC5CC20029100D;
			remoteInfo = FubonGuardiansTeamLogo;
		};
		3BBB098F20AC5CF40029100D /* PBXContainerItemProxy */ = {
			isa = PBXContainerItemProxy;
			containerPortal = 3BBB098B20AC5CF40029100D /* 00457149-FubonLogo.xcodeproj */;
			proxyType = 2;
			remoteGlobalIDString = 55AE350020AAD6100087F1AD;
			remoteInfo = "00457149-FubonLogo";
		};
/* End PBXContainerItemProxy section */

/* Begin PBXFileReference section */
		3BBB095A20AC5CC20029100D /* FubonGuardiansTeamLogo.app */ = {isa = PBXFileReference; explicitFileType = wrapper.application; includeInIndex = 0; path = FubonGuardiansTeamLogo.app; sourceTree = BUILT_PRODUCTS_DIR; };
		3BBB095D20AC5CC20029100D /* AppDelegate.swift */ = {isa = PBXFileReference; lastKnownFileType = sourcecode.swift; path = AppDelegate.swift; sourceTree = "<group>"; };
		3BBB095F20AC5CC20029100D /* ViewController.swift */ = {isa = PBXFileReference; lastKnownFileType = sourcecode.swift; path = ViewController.swift; sourceTree = "<group>"; };
		3BBB096220AC5CC20029100D /* Base */ = {isa = PBXFileReference; lastKnownFileType = file.storyboard; name = Base; path = Base.lproj/Main.storyboard; sourceTree = "<group>"; };
		3BBB096420AC5CC30029100D /* Assets.xcassets */ = {isa = PBXFileReference; lastKnownFileType = folder.assetcatalog; path = Assets.xcassets; sourceTree = "<group>"; };
		3BBB096720AC5CC30029100D /* Base */ = {isa = PBXFileReference; lastKnownFileType = file.storyboard; name = Base; path = Base.lproj/LaunchScreen.storyboard; sourceTree = "<group>"; };
		3BBB096920AC5CC30029100D /* Info.plist */ = {isa = PBXFileReference; lastKnownFileType = text.plist.xml; path = Info.plist; sourceTree = "<group>"; };
		3BBB096E20AC5CC30029100D /* FubonGuardiansTeamLogoTests.xctest */ = {isa = PBXFileReference; explicitFileType = wrapper.cfbundle; includeInIndex = 0; path = FubonGuardiansTeamLogoTests.xctest; sourceTree = BUILT_PRODUCTS_DIR; };
		3BBB097220AC5CC30029100D /* FubonGuardiansTeamLogoTests.swift */ = {isa = PBXFileReference; lastKnownFileType = sourcecode.swift; path = FubonGuardiansTeamLogoTests.swift; sourceTree = "<group>"; };
		3BBB097420AC5CC30029100D /* Info.plist */ = {isa = PBXFileReference; lastKnownFileType = text.plist.xml; path = Info.plist; sourceTree = "<group>"; };
		3BBB097920AC5CC30029100D /* FubonGuardiansTeamLogoUITests.xctest */ = {isa = PBXFileReference; explicitFileType = wrapper.cfbundle; includeInIndex = 0; path = FubonGuardiansTeamLogoUITests.xctest; sourceTree = BUILT_PRODUCTS_DIR; };
		3BBB097D20AC5CC30029100D /* FubonGuardiansTeamLogoUITests.swift */ = {isa = PBXFileReference; lastKnownFileType = sourcecode.swift; path = FubonGuardiansTeamLogoUITests.swift; sourceTree = "<group>"; };
		3BBB097F20AC5CC30029100D /* Info.plist */ = {isa = PBXFileReference; lastKnownFileType = text.plist.xml; path = Info.plist; sourceTree = "<group>"; };
		3BBB098B20AC5CF40029100D /* 00457149-FubonLogo.xcodeproj */ = {isa = PBXFileReference; lastKnownFileType = "wrapper.pb-project"; name = "00457149-FubonLogo.xcodeproj"; path = "../../Downloads/00457149-FubonLogo.xcodeproj"; sourceTree = "<group>"; };
/* End PBXFileReference section */

/* Begin PBXFrameworksBuildPhase section */
		3BBB095720AC5CC20029100D /* Frameworks */ = {
			isa = PBXFrameworksBuildPhase;
			buildActionMask = 2147483647;
			files = (
			);
			runOnlyForDeploymentPostprocessing = 0;
		};
		3BBB096B20AC5CC30029100D /* Frameworks */ = {
			isa = PBXFrameworksBuildPhase;
			buildActionMask = 2147483647;
			files = (
			);
			runOnlyForDeploymentPostprocessing = 0;
		};
		3BBB097620AC5CC30029100D /* Frameworks */ = {
			isa = PBXFrameworksBuildPhase;
			buildActionMask = 2147483647;
			files = (
			);
			runOnlyForDeploymentPostprocessing = 0;
		};
/* End PBXFrameworksBuildPhase section */

/* Begin PBXGroup section */
		3BBB095120AC5CC20029100D = {
			isa = PBXGroup;
			children = (
				3BBB098B20AC5CF40029100D /* 00457149-FubonLogo.xcodeproj */,
				3BBB095C20AC5CC20029100D /* FubonGuardiansTeamLogo */,
				3BBB097120AC5CC30029100D /* FubonGuardiansTeamLogoTests */,
				3BBB097C20AC5CC30029100D /* FubonGuardiansTeamLogoUITests */,
				3BBB095B20AC5CC20029100D /* Products */,
			);
			sourceTree = "<group>";
		};
		3BBB095B20AC5CC20029100D /* Products */ = {
			isa = PBXGroup;
			children = (
				3BBB095A20AC5CC20029100D /* FubonGuardiansTeamLogo.app */,
				3BBB096E20AC5CC30029100D /* FubonGuardiansTeamLogoTests.xctest */,
				3BBB097920AC5CC30029100D /* FubonGuardiansTeamLogoUITests.xctest */,
			);
			name = Products;
			sourceTree = "<group>";
		};
		3BBB095C20AC5CC20029100D /* FubonGuardiansTeamLogo */ = {
			isa = PBXGroup;
			children = (
				3BBB095D20AC5CC20029100D /* AppDelegate.swift */,
				3BBB095F20AC5CC20029100D /* ViewController.swift */,
				3BBB096120AC5CC20029100D /* Main.storyboard */,
				3BBB096420AC5CC30029100D /* Assets.xcassets */,
				3BBB096620AC5CC30029100D /* LaunchScreen.storyboard */,
				3BBB096920AC5CC30029100D /* Info.plist */,
			);
			path = FubonGuardiansTeamLogo;
			sourceTree = "<group>";
		};
		3BBB097120AC5CC30029100D /* FubonGuardiansTeamLogoTests */ = {
			isa = PBXGroup;
			children = (
				3BBB097220AC5CC30029100D /* FubonGuardiansTeamLogoTests.swift */,
				3BBB097420AC5CC30029100D /* Info.plist */,
			);
			path = FubonGuardiansTeamLogoTests;
			sourceTree = "<group>";
		};
		3BBB097C20AC5CC30029100D /* FubonGuardiansTeamLogoUITests */ = {
			isa = PBXGroup;
			children = (
				3BBB097D20AC5CC30029100D /* FubonGuardiansTeamLogoUITests.swift */,
				3BBB097F20AC5CC30029100D /* Info.plist */,
			);
			path = FubonGuardiansTeamLogoUITests;
			sourceTree = "<group>";
		};
		3BBB098C20AC5CF40029100D /* Products */ = {
			isa = PBXGroup;
			children = (
				3BBB099020AC5CF40029100D /* 00457149-FubonLogo.app */,
			);
			name = Products;
			sourceTree = "<group>";
		};
/* End PBXGroup section */

/* Begin PBXNativeTarget section */
		3BBB095920AC5CC20029100D /* FubonGuardiansTeamLogo */ = {
			isa = PBXNativeTarget;
			buildConfigurationList = 3BBB098220AC5CC30029100D /* Build configuration list for PBXNativeTarget "FubonGuardiansTeamLogo" */;
			buildPhases = (
				3BBB095620AC5CC20029100D /* Sources */,
				3BBB095720AC5CC20029100D /* Frameworks */,
				3BBB095820AC5CC20029100D /* Resources */,
			);
			buildRules = (
			);
			dependencies = (
			);
			name = FubonGuardiansTeamLogo;
			productName = FubonGuardiansTeamLogo;
			productReference = 3BBB095A20AC5CC20029100D /* FubonGuardiansTeamLogo.app */;
			productType = "com.apple.product-type.application";
		};
		3BBB096D20AC5CC30029100D /* FubonGuardiansTeamLogoTests */ = {
			isa = PBXNativeTarget;
			buildConfigurationList = 3BBB098520AC5CC30029100D /* Build configuration list for PBXNativeTarget "FubonGuardiansTeamLogoTests" */;
			buildPhases = (
				3BBB096A20AC5CC30029100D /* Sources */,
				3BBB096B20AC5CC30029100D /* Frameworks */,
				3BBB096C20AC5CC30029100D /* Resources */,
			);
			buildRules = (
			);
			dependencies = (
				3BBB097020AC5CC30029100D /* PBXTargetDependency */,
			);
			name = FubonGuardiansTeamLogoTests;
			productName = FubonGuardiansTeamLogoTests;
			productReference = 3BBB096E20AC5CC30029100D /* FubonGuardiansTeamLogoTests.xctest */;
			productType = "com.apple.product-type.bundle.unit-test";
		};
		3BBB097820AC5CC30029100D /* FubonGuardiansTeamLogoUITests */ = {
			isa = PBXNativeTarget;
			buildConfigurationList = 3BBB098820AC5CC30029100D /* Build configuration list for PBXNativeTarget "FubonGuardiansTeamLogoUITests" */;
			buildPhases = (
				3BBB097520AC5CC30029100D /* Sources */,
				3BBB097620AC5CC30029100D /* Frameworks */,
				3BBB097720AC5CC30029100D /* Resources */,
			);
			buildRules = (
			);
			dependencies = (
				3BBB097B20AC5CC30029100D /* PBXTargetDependency */,
			);
			name = FubonGuardiansTeamLogoUITests;
			productName = FubonGuardiansTeamLogoUITests;
			productReference = 3BBB097920AC5CC30029100D /* FubonGuardiansTeamLogoUITests.xctest */;
			productType = "com.apple.product-type.bundle.ui-testing";
		};
/* End PBXNativeTarget section */

/* Begin PBXProject section */
		3BBB095220AC5CC20029100D /* Project object */ = {
			isa = PBXProject;
			attributes = {
				LastSwiftUpdateCheck = 0930;
				LastUpgradeCheck = 0930;
				ORGANIZATIONNAME = "Ji-Yang";
				TargetAttributes = {
					3BBB095920AC5CC20029100D = {
						CreatedOnToolsVersion = 9.3;
					};
					3BBB096D20AC5CC30029100D = {
						CreatedOnToolsVersion = 9.3;
						TestTargetID = 3BBB095920AC5CC20029100D;
					};
					3BBB097820AC5CC30029100D = {
						CreatedOnToolsVersion = 9.3;
						TestTargetID = 3BBB095920AC5CC20029100D;
					};
				};
			};
			buildConfigurationList = 3BBB095520AC5CC20029100D /* Build configuration list for PBXProject "FubonGuardiansTeamLogo" */;
			compatibilityVersion = "Xcode 9.3";
			developmentRegion = en;
			hasScannedForEncodings = 0;
			knownRegions = (
				en,
				Base,
			);
			mainGroup = 3BBB095120AC5CC20029100D;
			productRefGroup = 3BBB095B20AC5CC20029100D /* Products */;
			projectDirPath = "";
			projectReferences = (
				{
					ProductGroup = 3BBB098C20AC5CF40029100D /* Products */;
					ProjectRef = 3BBB098B20AC5CF40029100D /* 00457149-FubonLogo.xcodeproj */;
				},
			);
			projectRoot = "";
			targets = (
				3BBB095920AC5CC20029100D /* FubonGuardiansTeamLogo */,
				3BBB096D20AC5CC30029100D /* FubonGuardiansTeamLogoTests */,
				3BBB097820AC5CC30029100D /* FubonGuardiansTeamLogoUITests */,
			);
		};
/* End PBXProject section */

/* Begin PBXReferenceProxy section */
		3BBB099020AC5CF40029100D /* 00457149-FubonLogo.app */ = {
			isa = PBXReferenceProxy;
			fileType = wrapper.application;
			path = "00457149-FubonLogo.app";
			remoteRef = 3BBB098F20AC5CF40029100D /* PBXContainerItemProxy */;
			sourceTree = BUILT_PRODUCTS_DIR;
		};
/* End PBXReferenceProxy section */

/* Begin PBXResourcesBuildPhase section */
		3BBB095820AC5CC20029100D /* Resources */ = {
			isa = PBXResourcesBuildPhase;
			buildActionMask = 2147483647;
			files = (
				3BBB096820AC5CC30029100D /* LaunchScreen.storyboard in Resources */,
				3BBB096520AC5CC30029100D /* Assets.xcassets in Resources */,
				3BBB096320AC5CC20029100D /* Main.storyboard in Resources */,
			);
			runOnlyForDeploymentPostprocessing = 0;
		};
		3BBB096C20AC5CC30029100D /* Resources */ = {
			isa = PBXResourcesBuildPhase;
			buildActionMask = 2147483647;
			files = (
			);
			runOnlyForDeploymentPostprocessing = 0;
		};
		3BBB097720AC5CC30029100D /* Resources */ = {
			isa = PBXResourcesBuildPhase;
			buildActionMask = 2147483647;
			files = (
			);
			runOnlyForDeploymentPostprocessing = 0;
		};
/* End PBXResourcesBuildPhase section */

/* Begin PBXSourcesBuildPhase section */
		3BBB095620AC5CC20029100D /* Sources */ = {
			isa = PBXSourcesBuildPhase;
			buildActionMask = 2147483647;
			files = (
				3BBB096020AC5CC20029100D /* ViewController.swift in Sources */,
				3BBB095E20AC5CC20029100D /* AppDelegate.swift in Sources */,
			);
			runOnlyForDeploymentPostprocessing = 0;
		};
		3BBB096A20AC5CC30029100D /* Sources */ = {
			isa = PBXSourcesBuildPhase;
			buildActionMask = 2147483647;
			files = (
				3BBB097320AC5CC30029100D /* FubonGuardiansTeamLogoTests.swift in Sources */,
			);
			runOnlyForDeploymentPostprocessing = 0;
		};
		3BBB097520AC5CC30029100D /* Sources */ = {
			isa = PBXSourcesBuildPhase;
			buildActionMask = 2147483647;
			files = (
				3BBB097E20AC5CC30029100D /* FubonGuardiansTeamLogoUITests.swift in Sources */,
			);
			runOnlyForDeploymentPostprocessing = 0;
		};
/* End PBXSourcesBuildPhase section */

/* Begin PBXTargetDependency section */
		3BBB097020AC5CC30029100D /* PBXTargetDependency */ = {
			isa = PBXTargetDependency;
			target = 3BBB095920AC5CC20029100D /* FubonGuardiansTeamLogo */;
			targetProxy = 3BBB096F20AC5CC30029100D /* PBXContainerItemProxy */;
		};
		3BBB097B20AC5CC30029100D /* PBXTargetDependency */ = {
			isa = PBXTargetDependency;
			target = 3BBB095920AC5CC20029100D /* FubonGuardiansTeamLogo */;
			targetProxy = 3BBB097A20AC5CC30029100D /* PBXContainerItemProxy */;
		};
/* End PBXTargetDependency section */

/* Begin PBXVariantGroup section */
		3BBB096120AC5CC20029100D /* Main.storyboard */ = {
			isa = PBXVariantGroup;
			children = (
				3BBB096220AC5CC20029100D /* Base */,
			);
			name = Main.storyboard;
			sourceTree = "<group>";
		};
		3BBB096620AC5CC30029100D /* LaunchScreen.storyboard */ = {
			isa = PBXVariantGroup;
			children = (
				3BBB096720AC5CC30029100D /* Base */,
			);
			name = LaunchScreen.storyboard;
			sourceTree = "<group>";
		};
/* End PBXVariantGroup section */

/* Begin XCBuildConfiguration section */
		3BBB098020AC5CC30029100D /* Debug */ = {
			isa = XCBuildConfiguration;
			buildSettings = {
				ALWAYS_SEARCH_USER_PATHS = NO;
				CLANG_ANALYZER_NONNULL = YES;
				CLANG_ANALYZER_NUMBER_OBJECT_CONVERSION = YES_AGGRESSIVE;
				CLANG_CXX_LANGUAGE_STANDARD = "gnu++14";
				CLANG_CXX_LIBRARY = "libc++";
				CLANG_ENABLE_MODULES = YES;
				CLANG_ENABLE_OBJC_ARC = YES;
				CLANG_ENABLE_OBJC_WEAK = YES;
				CLANG_WARN_BLOCK_CAPTURE_AUTORELEASING = YES;
				CLANG_WARN_BOOL_CONVERSION = YES;
				CLANG_WARN_COMMA = YES;
				CLANG_WARN_CONSTANT_CONVERSION = YES;
				CLANG_WARN_DEPRECATED_OBJC_IMPLEMENTATIONS = YES;
				CLANG_WARN_DIRECT_OBJC_ISA_USAGE = YES_ERROR;
				CLANG_WARN_DOCUMENTATION_COMMENTS = YES;
				CLANG_WARN_EMPTY_BODY = YES;
				CLANG_WARN_ENUM_CONVERSION = YES;
				CLANG_WARN_INFINITE_RECURSION = YES;
				CLANG_WARN_INT_CONVERSION = YES;
				CLANG_WARN_NON_LITERAL_NULL_CONVERSION = YES;
				CLANG_WARN_OBJC_IMPLICIT_RETAIN_SELF = YES;
				CLANG_WARN_OBJC_LITERAL_CONVERSION = YES;
				CLANG_WARN_OBJC_ROOT_CLASS = YES_ERROR;
				CLANG_WARN_RANGE_LOOP_ANALYSIS = YES;
				CLANG_WARN_STRICT_PROTOTYPES = YES;
				CLANG_WARN_SUSPICIOUS_MOVE = YES;
				CLANG_WARN_UNGUARDED_AVAILABILITY = YES_AGGRESSIVE;
				CLANG_WARN_UNREACHABLE_CODE = YES;
				CLANG_WARN__DUPLICATE_METHOD_MATCH = YES;
				CODE_SIGN_IDENTITY = "iPhone Developer";
				COPY_PHASE_STRIP = NO;
				DEBUG_INFORMATION_FORMAT = dwarf;
				ENABLE_STRICT_OBJC_MSGSEND = YES;
				ENABLE_TESTABILITY = YES;
				GCC_C_LANGUAGE_STANDARD = gnu11;
				GCC_DYNAMIC_NO_PIC = NO;
				GCC_NO_COMMON_BLOCKS = YES;
				GCC_OPTIMIZATION_LEVEL = 0;
				GCC_PREPROCESSOR_DEFINITIONS = (
					"DEBUG=1",
					"$(inherited)",
				);
				GCC_WARN_64_TO_32_BIT_CONVERSION = YES;
				GCC_WARN_ABOUT_RETURN_TYPE = YES_ERROR;
				GCC_WARN_UNDECLARED_SELECTOR = YES;
				GCC_WARN_UNINITIALIZED_AUTOS = YES_AGGRESSIVE;
				GCC_WARN_UNUSED_FUNCTION = YES;
				GCC_WARN_UNUSED_VARIABLE = YES;
				IPHONEOS_DEPLOYMENT_TARGET = 11.3;
				MTL_ENABLE_DEBUG_INFO = YES;
				ONLY_ACTIVE_ARCH = YES;
				SDKROOT = iphoneos;
				SWIFT_ACTIVE_COMPILATION_CONDITIONS = DEBUG;
				SWIFT_OPTIMIZATION_LEVEL = "-Onone";
			};
			name = Debug;
		};
		3BBB098120AC5CC30029100D /* Release */ = {
			isa = XCBuildConfiguration;
			buildSettings = {
				ALWAYS_SEARCH_USER_PATHS = NO;
				CLANG_ANALYZER_NONNULL = YES;
				CLANG_ANALYZER_NUMBER_OBJECT_CONVERSION = YES_AGGRESSIVE;
				CLANG_CXX_LANGUAGE_STANDARD = "gnu++14";
				CLANG_CXX_LIBRARY = "libc++";
				CLANG_ENABLE_MODULES = YES;
				CLANG_ENABLE_OBJC_ARC = YES;
				CLANG_ENABLE_OBJC_WEAK = YES;
				CLANG_WARN_BLOCK_CAPTURE_AUTORELEASING = YES;
				CLANG_WARN_BOOL_CONVERSION = YES;
				CLANG_WARN_COMMA = YES;
				CLANG_WARN_CONSTANT_CONVERSION = YES;
				CLANG_WARN_DEPRECATED_OBJC_IMPLEMENTATIONS = YES;
				CLANG_WARN_DIRECT_OBJC_ISA_USAGE = YES_ERROR;
				CLANG_WARN_DOCUMENTATION_COMMENTS = YES;
				CLANG_WARN_EMPTY_BODY = YES;
				CLANG_WARN_ENUM_CONVERSION = YES;
				CLANG_WARN_INFINITE_RECURSION = YES;
				CLANG_WARN_INT_CONVERSION = YES;
				CLANG_WARN_NON_LITERAL_NULL_CONVERSION = YES;
				CLANG_WARN_OBJC_IMPLICIT_RETAIN_SELF = YES;
				CLANG_WARN_OBJC_LITERAL_CONVERSION = YES;
				CLANG_WARN_OBJC_ROOT_CLASS = YES_ERROR;
				CLANG_WARN_RANGE_LOOP_ANALYSIS = YES;
				CLANG_WARN_STRICT_PROTOTYPES = YES;
				CLANG_WARN_SUSPICIOUS_MOVE = YES;
				CLANG_WARN_UNGUARDED_AVAILABILITY = YES_AGGRESSIVE;
				CLANG_WARN_UNREACHABLE_CODE = YES;
				CLANG_WARN__DUPLICATE_METHOD_MATCH = YES;
				CODE_SIGN_IDENTITY = "iPhone Developer";
				COPY_PHASE_STRIP = NO;
				DEBUG_INFORMATION_FORMAT = "dwarf-with-dsym";
				ENABLE_NS_ASSERTIONS = NO;
				ENABLE_STRICT_OBJC_MSGSEND = YES;
				GCC_C_LANGUAGE_STANDARD = gnu11;
				GCC_NO_COMMON_BLOCKS = YES;
				GCC_WARN_64_TO_32_BIT_CONVERSION = YES;
				GCC_WARN_ABOUT_RETURN_TYPE = YES_ERROR;
				GCC_WARN_UNDECLARED_SELECTOR = YES;
				GCC_WARN_UNINITIALIZED_AUTOS = YES_AGGRESSIVE;
				GCC_WARN_UNUSED_FUNCTION = YES;
				GCC_WARN_UNUSED_VARIABLE = YES;
				IPHONEOS_DEPLOYMENT_TARGET = 11.3;
				MTL_ENABLE_DEBUG_INFO = NO;
				SDKROOT = iphoneos;
				SWIFT_COMPILATION_MODE = wholemodule;
				SWIFT_OPTIMIZATION_LEVEL = "-O";
				VALIDATE_PRODUCT = YES;
			};
			name = Release;
		};
		3BBB098320AC5CC30029100D /* Debug */ = {
			isa = XCBuildConfiguration;
			buildSettings = {
				ASSETCATALOG_COMPILER_APPICON_NAME = AppIcon;
				CODE_SIGN_STYLE = Automatic;
				INFOPLIST_FILE = FubonGuardiansTeamLogo/Info.plist;
				LD_RUNPATH_SEARCH_PATHS = (
					"$(inherited)",
					"@executable_path/Frameworks",
				);
				PRODUCT_BUNDLE_IDENTIFIER = "-03.FubonGuardiansTeamLogo";
				PRODUCT_NAME = "$(TARGET_NAME)";
				SWIFT_VERSION = 4.0;
				TARGETED_DEVICE_FAMILY = "1,2";
			};
			name = Debug;
		};
		3BBB098420AC5CC30029100D /* Release */ = {
			isa = XCBuildConfiguration;
			buildSettings = {
				ASSETCATALOG_COMPILER_APPICON_NAME = AppIcon;
				CODE_SIGN_STYLE = Automatic;
				INFOPLIST_FILE = FubonGuardiansTeamLogo/Info.plist;
				LD_RUNPATH_SEARCH_PATHS = (
					"$(inherited)",
					"@executable_path/Frameworks",
				);
				PRODUCT_BUNDLE_IDENTIFIER = "-03.FubonGuardiansTeamLogo";
				PRODUCT_NAME = "$(TARGET_NAME)";
				SWIFT_VERSION = 4.0;
				TARGETED_DEVICE_FAMILY = "1,2";
			};
			name = Release;
		};
		3BBB098620AC5CC30029100D /* Debug */ = {
			isa = XCBuildConfiguration;
			buildSettings = {
				ALWAYS_EMBED_SWIFT_STANDARD_LIBRARIES = YES;
				BUNDLE_LOADER = "$(TEST_HOST)";
				CODE_SIGN_STYLE = Automatic;
				INFOPLIST_FILE = FubonGuardiansTeamLogoTests/Info.plist;
				LD_RUNPATH_SEARCH_PATHS = (
					"$(inherited)",
					"@executable_path/Frameworks",
					"@loader_path/Frameworks",
				);
				PRODUCT_BUNDLE_IDENTIFIER = "-03.FubonGuardiansTeamLogoTests";
				PRODUCT_NAME = "$(TARGET_NAME)";
				SWIFT_VERSION = 4.0;
				TARGETED_DEVICE_FAMILY = "1,2";
				TEST_HOST = "$(BUILT_PRODUCTS_DIR)/FubonGuardiansTeamLogo.app/FubonGuardiansTeamLogo";
			};
			name = Debug;
		};
		3BBB098720AC5CC30029100D /* Release */ = {
			isa = XCBuildConfiguration;
			buildSettings = {
				ALWAYS_EMBED_SWIFT_STANDARD_LIBRARIES = YES;
				BUNDLE_LOADER = "$(TEST_HOST)";
				CODE_SIGN_STYLE = Automatic;
				INFOPLIST_FILE = FubonGuardiansTeamLogoTests/Info.plist;
				LD_RUNPATH_SEARCH_PATHS = (
					"$(inherited)",
					"@executable_path/Frameworks",
					"@loader_path/Frameworks",
				);
				PRODUCT_BUNDLE_IDENTIFIER = "-03.FubonGuardiansTeamLogoTests";
				PRODUCT_NAME = "$(TARGET_NAME)";
				SWIFT_VERSION = 4.0;
				TARGETED_DEVICE_FAMILY = "1,2";
				TEST_HOST = "$(BUILT_PRODUCTS_DIR)/FubonGuardiansTeamLogo.app/FubonGuardiansTeamLogo";
			};
			name = Release;
		};
		3BBB098920AC5CC30029100D /* Debug */ = {
			isa = XCBuildConfiguration;
			buildSettings = {
				ALWAYS_EMBED_SWIFT_STANDARD_LIBRARIES = YES;
				CODE_SIGN_STYLE = Automatic;
				INFOPLIST_FILE = FubonGuardiansTeamLogoUITests/Info.plist;
				LD_RUNPATH_SEARCH_PATHS = (
					"$(inherited)",
					"@executable_path/Frameworks",
					"@loader_path/Frameworks",
				);
				PRODUCT_BUNDLE_IDENTIFIER = "-03.FubonGuardiansTeamLogoUITests";
				PRODUCT_NAME = "$(TARGET_NAME)";
				SWIFT_VERSION = 4.0;
				TARGETED_DEVICE_FAMILY = "1,2";
				TEST_TARGET_NAME = FubonGuardiansTeamLogo;
			};
			name = Debug;
		};
		3BBB098A20AC5CC30029100D /* Release */ = {
			isa = XCBuildConfiguration;
			buildSettings = {
				ALWAYS_EMBED_SWIFT_STANDARD_LIBRARIES = YES;
				CODE_SIGN_STYLE = Automatic;
				INFOPLIST_FILE = FubonGuardiansTeamLogoUITests/Info.plist;
				LD_RUNPATH_SEARCH_PATHS = (
					"$(inherited)",
					"@executable_path/Frameworks",
					"@loader_path/Frameworks",
				);
				PRODUCT_BUNDLE_IDENTIFIER = "-03.FubonGuardiansTeamLogoUITests";
				PRODUCT_NAME = "$(TARGET_NAME)";
				SWIFT_VERSION = 4.0;
				TARGETED_DEVICE_FAMILY = "1,2";
				TEST_TARGET_NAME = FubonGuardiansTeamLogo;
			};
			name = Release;
		};
/* End XCBuildConfiguration section */

/* Begin XCConfigurationList section */
		3BBB095520AC5CC20029100D /* Build configuration list for PBXProject "FubonGuardiansTeamLogo" */ = {
			isa = XCConfigurationList;
			buildConfigurations = (
				3BBB098020AC5CC30029100D /* Debug */,
				3BBB098120AC5CC30029100D /* Release */,
			);
			defaultConfigurationIsVisible = 0;
			defaultConfigurationName = Release;
		};
		3BBB098220AC5CC30029100D /* Build configuration list for PBXNativeTarget "FubonGuardiansTeamLogo" */ = {
			isa = XCConfigurationList;
			buildConfigurations = (
				3BBB098320AC5CC30029100D /* Debug */,
				3BBB098420AC5CC30029100D /* Release */,
			);
			defaultConfigurationIsVisible = 0;
			defaultConfigurationName = Release;
		};
		3BBB098520AC5CC30029100D /* Build configuration list for PBXNativeTarget "FubonGuardiansTeamLogoTests" */ = {
			isa = XCConfigurationList;
			buildConfigurations = (
				3BBB098620AC5CC30029100D /* Debug */,
				3BBB098720AC5CC30029100D /* Release */,
			);
			defaultConfigurationIsVisible = 0;
			defaultConfigurationName = Release;
		};
		3BBB098820AC5CC30029100D /* Build configuration list for PBXNativeTarget "FubonGuardiansTeamLogoUITests" */ = {
			isa = XCConfigurationList;
			buildConfigurations = (
				3BBB098920AC5CC30029100D /* Debug */,
				3BBB098A20AC5CC30029100D /* Release */,
			);
			defaultConfigurationIsVisible = 0;
			defaultConfigurationName = Release;
		};
/* End XCConfigurationList section */
	};
	rootObject = 3BBB095220AC5CC20029100D /* Project object */;
}
